@ -83,6 +83,12 @@ dependencies:
  drizzle-orm:
    specifier: ^0.29.3
    version: 0.29.3(@neondatabase/serverless@0.8.1)(@types/react@18.2.45)(pg@8.11.3)(postgres@3.4.3)(react@18.2.0)
  html2canvas:
    specifier: ^1.4.1
    version: 1.4.1
  jspdf:
    specifier: ^2.5.1
    version: 2.5.1
  lucide-react:
    specifier: ^0.298.0
    version: 0.298.0(react@18.2.0)
@ -1911,6 +1917,12 @@ packages:
  /@types/prop-types@15.7.11:
    resolution: {integrity: sha512-ga8y9v9uyeiLdpKddhxYQkxNDrfvuPrlFb0N1qnZZByvcElJaXthF1UhvCh9TLWJBEHeNtdnbysW7Y6Uq8CVng==}

  /@types/raf@3.4.3:
    resolution: {integrity: sha512-c4YAvMedbPZ5tEyxzQdMoOhhJ4RD3rngZIdwC2/qDN3d7JpEhB6fiBRKVY1lg5B7Wk+uPBjn5f39j1/2MY1oOw==}
    requiresBuild: true
    dev: false
    optional: true

  /@types/react-dom@18.2.18:
    resolution: {integrity: sha512-TJxDm6OfAX2KJWJdMEVTwWke5Sc/E/RlnPGvGfS0W7+6ocy2xhDVQVh/KvC2Uf7kACs+gDytdusDSdWfWkaNzw==}
    dependencies:
@ -2176,6 +2188,12 @@ packages:
    engines: {node: '>=8'}
    dev: true

  /atob@2.1.2:
    resolution: {integrity: sha512-Wm6ukoaOGJi/73p/cl2GvLjTI5JM1k/O14isD73YML8StrH/7/lRFgmg8nICZgD3bZZvjwCGxtMOD3wWNAu8cg==}
    engines: {node: '>= 4.5.0'}
    hasBin: true
    dev: false

  /attr-accept@2.2.2:
    resolution: {integrity: sha512-7prDjvt9HmqiZ0cl5CRjtS84sEyhsHP2coDkaZKRKVfCDo9s7iw7ChVmar78Gu9pC4SoR/28wFu/G5JJhTnqEg==}
    engines: {node: '>=4'}
@ -2200,6 +2218,11 @@ packages:
  /balanced-match@1.0.2:
    resolution: {integrity: sha512-3oSeUO0TMV67hN1AmbXsK4yaqU7tjiHlbxRDZOpH0KW9+CeX4bRAaX0Anxt0tx2MrpRpWwQaPwIlISEJhYU5Pw==}

  /base64-arraybuffer@1.0.2:
    resolution: {integrity: sha512-I3yl4r9QB5ZRY3XuJVEPfc2XhZO6YweFPI+UovAzn+8/hb3oJ6lnysaFcjVpkCPfVWFUDvoZ8kmVDP7WyRtYtQ==}
    engines: {node: '>= 0.6.0'}
    dev: false

  /binary-extensions@2.2.0:
    resolution: {integrity: sha512-jDctJ/IVQbZoJykoeHbhXpOlNBqGNcwXJKJog42E5HDPUwQTSdjCHdihjj0DlnheQ7blbT6dHOafNAiS8ooQKA==}
    engines: {node: '>=8'}
@ -2233,6 +2256,12 @@ packages:
      update-browserslist-db: 1.0.13(browserslist@4.22.2)
    dev: true

  /btoa@1.2.1:
    resolution: {integrity: sha512-SB4/MIGlsiVkMcHmT+pSmIPoNDoHg+7cMzmt3Uxt628MTz2487DKSqK/fuhFBrkuqrYv5UCEnACpF4dTFNKc/g==}
    engines: {node: '>= 0.4.0'}
    hasBin: true
    dev: false

  /buffer-from@1.1.2:
    resolution: {integrity: sha512-E+XQCRwSbaaiChtv6k6Dwgc+bx+Bs6vuKJHHl5kox/BaKbhiXzqQOwK4cO22yElGp2OCmjwVhT3HmxgyPGnJfQ==}
    dev: true
@ -2270,6 +2299,22 @@ packages:
    resolution: {integrity: sha512-LPbwnW4vfpJId225pwjZJOgX1m9sGfbw/RKJvw/t0QhYOOaTXHvkjVGFGPpvwEzufrjvTlsULnVTxdy4/6cqkg==}
    dev: false

  /canvg@3.0.10:
    resolution: {integrity: sha512-qwR2FRNO9NlzTeKIPIKpnTY6fqwuYSequ8Ru8c0YkYU7U0oW+hLUvWadLvAu1Rl72OMNiFhoLu4f8eUjQ7l/+Q==}
    engines: {node: '>=10.0.0'}
    requiresBuild: true
    dependencies:
      '@babel/runtime': 7.23.6
      '@types/raf': 3.4.3
      core-js: 3.37.0
      raf: 3.4.1
      regenerator-runtime: 0.13.11
      rgbcolor: 1.0.1
      stackblur-canvas: 2.7.0
      svg-pathdata: 6.0.3
    dev: false
    optional: true

  /cfb@1.2.2:
    resolution: {integrity: sha512-KfdUZsSOw19/ObEWasvBP/Ac4reZvAGauZhs6S/gqNhXhI7cKwvlH7ulj+dOEYnca4bm4SGo8C1bTAQvnTjgQA==}
    engines: {node: '>=0.8'}
@ -2393,6 +2438,12 @@ packages:
    dependencies:
      is-what: 4.1.16

  /core-js@3.37.0:
    resolution: {integrity: sha512-fu5vHevQ8ZG4og+LXug8ulUtVxjOcEYvifJr7L5Bfq9GOztVqsKd9/59hUk2ZSbCrS3BqUr3EpaYGIYzq7g3Ug==}
    requiresBuild: true
    dev: false
    optional: true

  /crc-32@1.2.2:
    resolution: {integrity: sha512-ROmzCKrTnOwybPcJApAA6WBWij23HVfGVNKqqrZpuyZOHqK2CwHSvpGuyt/UNNvaIjEd8X5IFGp4Mh+Ie1IHJQ==}
    engines: {node: '>=0.8'}
@ -2408,6 +2459,12 @@ packages:
      which: 2.0.2
    dev: true

  /css-line-break@2.1.0:
    resolution: {integrity: sha512-FHcKFCZcAha3LwfVBhCQbW2nCNbkZXn7KVUJcsT5/P8YmfsVja0FMPJr0B903j/E69HUphKiV9iQArX8SDYA4w==}
    dependencies:
      utrie: 1.0.2
    dev: false

  /cssesc@3.0.0:
    resolution: {integrity: sha512-/Tb/JcjK111nNScGob5MNtsntNM1aCNUDipB/TkwZFhyDrrE47SOx/18wF2bbjgc3ZzCSKW1T5nt5EbFoAz/Vg==}
    engines: {node: '>=4'}
@ -2473,6 +2530,12 @@ packages:
      esutils: 2.0.3
    dev: true

  /dompurify@2.5.0:
    resolution: {integrity: sha512-5RXhAXSCrKTqt9pSbobT9PVRX+oPpENplTZqCiK1l0ya+ZOzwo9kqsGLbYRsAhzIiLCwKEy99XKSSrqnRTLVcw==}
    requiresBuild: true
    dev: false
    optional: true

  /dotenv-cli@7.3.0:
    resolution: {integrity: sha512-314CA4TyK34YEJ6ntBf80eUY+t1XaFLyem1k9P0sX1gn30qThZ5qZr/ZwE318gEnzyYP9yj9HJk6SqwE0upkfw==}
    hasBin: true
@ -2858,6 +2921,10 @@ packages:
    dependencies:
      reusify: 1.0.4

  /fflate@0.4.8:
    resolution: {integrity: sha512-FJqqoDBR00Mdj9ppamLa/Y7vxm+PRmNWA67N846RvsoYVMKB4q3y/de5PA7gUmRMYK/8CMz2GDZQmCRN1wBcWA==}
    dev: false

  /file-entry-cache@6.0.1:
    resolution: {integrity: sha512-7Gps/XWymbLk2QLYK4NzpMOrYjMhdIxXuIvy2QBsLE6ljuodKvdkWs/cpyJJ3CVIVpH0Oi1Hvg1ovbMzLdFBBg==}
    engines: {node: ^10.12.0 || >=12.0.0}
@ -3036,6 +3103,14 @@ packages:
    resolution: {integrity: sha512-2bsegYkkHO+h/9MGbn6KWcE45cHZgPANo5LXF7EvWdT0yT2EguSVO1nDgU5c8+ZOPwp2vMNa7YFsJhVcDR9Sdg==}
    dev: true

  /html2canvas@1.4.1:
    resolution: {integrity: sha512-fPU6BHNpsyIhr8yyMpTLLxAbkaK8ArIBcmZIRiBLiDhjeqvXolaEmDGmELFuX9I4xDcaKKcJl+TKZLqruBbmWA==}
    engines: {node: '>=8.0.0'}
    dependencies:
      css-line-break: 2.1.0
      text-segmentation: 1.0.3
    dev: false

  /ignore@5.3.0:
    resolution: {integrity: sha512-g7dmpshy+gD7mh88OC9NwSGTKoc3kyLAZQRU1mt53Aw/vnvfXnbC+F/7F7QoYVKbV+KNvJx8wArewKy1vXMtlg==}
    engines: {node: '>= 4'}
@ -3155,6 +3230,20 @@ packages:
    resolution: {integrity: sha512-Bdboy+l7tA3OGW6FjyFHWkP5LuByj1Tk33Ljyq0axyzdk9//JSi2u3fP1QSmd1KNwq6VOKYGlAu87CisVir6Pw==}
    dev: true

  /jspdf@2.5.1:
    resolution: {integrity: sha512-hXObxz7ZqoyhxET78+XR34Xu2qFGrJJ2I2bE5w4SM8eFaFEkW2xcGRVUss360fYelwRSid/jT078kbNvmoW0QA==}
    dependencies:
      '@babel/runtime': 7.23.6
      atob: 2.1.2
      btoa: 1.2.1
      fflate: 0.4.8
    optionalDependencies:
      canvg: 3.0.10
      core-js: 3.37.0
      dompurify: 2.5.0
      html2canvas: 1.4.1
    dev: false

  /keyv@4.5.4:
    resolution: {integrity: sha512-oxVHkHR/EJf2CNXnWxRLW6mg7JyCCUcG0DtEGmL2ctUo1PNTin1PUil+r/+4r5MpVgC/fn1kjsx7mjSujKqIpw==}
    dependencies:
@ -3490,6 +3579,12 @@ packages:
    engines: {node: '>=8'}
    dev: true

  /performance-now@2.1.0:
    resolution: {integrity: sha512-7EAHlyLHI56VEIdK57uwHdHKIaAGbnXPiw0yWbarQZOKaKpvUIgW0jWRVLiatnM+XXlSwsanIBH/hzGMJulMow==}
    requiresBuild: true
    dev: false
    optional: true

  /pg-cloudflare@1.1.1:
    resolution: {integrity: sha512-xWPagP/4B6BgFO+EKz3JONXv3YDgvkbVrGw2mTo3D6tVDQRh1e7cqVGvyR3BE+eQgAvx1XhW/iEASj4/jCWl3Q==}
    requiresBuild: true
@ -3756,6 +3851,14 @@ packages:
  /queue-microtask@1.2.3:
    resolution: {integrity: sha512-NuaNSa6flKT5JaSYQzJok04JzTL1CA6aGhv5rfLW3PgqA+M2ChpZQnAC8h8i4ZFkBS8X5RqkDBHA7r4hej3K9A==}

  /raf@3.4.1:
    resolution: {integrity: sha512-Sq4CW4QhwOHE8ucn6J34MqtZCeWFP2aQSmrlroYgqAV1PjStIhJXxYuTgUIfkEk7zTLjmIjLmU5q+fbD1NnOJA==}
    requiresBuild: true
    dependencies:
      performance-now: 2.1.0
    dev: false
    optional: true

  /react-dom@18.2.0(react@18.2.0):
    resolution: {integrity: sha512-6IMTriUmvsjHUjNtEDudZfuDQUoWXVxKHhlEGSk81n4YFS+r/Kl99wXiwlVXtPBtJenozv2P+hxDsw9eA7Xo6g==}
    peerDependencies:
@ -3885,6 +3988,12 @@ packages:
    dependencies:
      picomatch: 2.3.1

  /regenerator-runtime@0.13.11:
    resolution: {integrity: sha512-kY1AZVr2Ra+t+piVaJ4gxaFaReZVH40AKNo7UCX6W+dEwBo/2oZJzqfuN1qLq1oL45o56cPaTXELwrTh8Fpggg==}
    requiresBuild: true
    dev: false
    optional: true

  /regenerator-runtime@0.14.1:
    resolution: {integrity: sha512-dYnhHh0nJoMfnkZs6GmmhFknAGRrLznOu5nc9ML+EJxGvrx6H7teuevqVqCuPcPK//3eDrrjQhehXVx9cnkGdw==}
    dev: false
@ -3910,6 +4019,13 @@ packages:
    resolution: {integrity: sha512-U9nH88a3fc/ekCF1l0/UP1IosiuIjyTh7hBvXVMHYgVcfGvt897Xguj2UOLDeI5BG2m7/uwyaLVT6fbtCwTyzw==}
    engines: {iojs: '>=1.0.0', node: '>=0.10.0'}

  /rgbcolor@1.0.1:
    resolution: {integrity: sha512-9aZLIrhRaD97sgVhtJOW6ckOEh6/GnvQtdVNfdZ6s67+3/XwLS9lBcQYzEEhYVeUowN7pRzMLsyGhK2i/xvWbw==}
    engines: {node: '>= 0.8.15'}
    requiresBuild: true
    dev: false
    optional: true

  /rimraf@3.0.2:
    resolution: {integrity: sha512-JZkJMZkAGFFPP2YqXZXPbMlMBgsxzE8ILs4lMIX/2o0L9UBw9O/Y3o6wFw/i9YLapcUJWwqbi3kdxIPdC62TIA==}
    hasBin: true
@ -3998,6 +4114,13 @@ packages:
      frac: 1.1.2
    dev: false

  /stackblur-canvas@2.7.0:
    resolution: {integrity: sha512-yf7OENo23AGJhBriGx0QivY5JP6Y1HbrrDI6WLt6C5auYZXlQrheoY8hD4ibekFKz1HOfE48Ww8kMWMnJD/zcQ==}
    engines: {node: '>=0.1.14'}
    requiresBuild: true
    dev: false
    optional: true

  /streamsearch@1.1.0:
    resolution: {integrity: sha512-Mcc5wHehp9aXz1ax6bZUyY5afg9u2rv5cqQI3mRrYkGC8rW2hM02jWuwjtL++LS5qinSyhj2QfLyNsuc+VsExg==}
    engines: {node: '>=10.0.0'}
@ -4062,6 +4185,13 @@ packages:
    resolution: {integrity: sha512-ot0WnXS9fgdkgIcePe6RHNk1WA8+muPa6cSjeR3V8K27q9BB1rTE3R1p7Hv0z1ZyAc8s6Vvv8DIyWf681MAt0w==}
    engines: {node: '>= 0.4'}

  /svg-pathdata@6.0.3:
    resolution: {integrity: sha512-qsjeeq5YjBZ5eMdFuUa4ZosMLxgr5RZ+F+Y1OrDhuOCEInRMA3x74XdBtggJcj9kOeInz0WE+LgCPDkZFlBYJw==}
    engines: {node: '>=12.0.0'}
    requiresBuild: true
    dev: false
    optional: true

  /tailwind-merge@1.14.0:
    resolution: {integrity: sha512-3mFKyCo/MBcgyOTlrY8T7odzZFx+w+qKSMAmdFzRvqBfLlSigU6TZnlFHK0lkMwj9Bj8OYU+9yW9lmGuS0QEnQ==}
    dev: false
@ -4110,6 +4240,12 @@ packages:
    transitivePeerDependencies:
      - ts-node

  /text-segmentation@1.0.3:
    resolution: {integrity: sha512-iOiPUo/BGnZ6+54OsWxZidGCsdU8YbE4PSpdPinp7DeMtUJNJBoJ/ouUSTJjHkh1KntHaltHl/gDs2FC4i5+Nw==}
    dependencies:
      utrie: 1.0.2
    dev: false

  /text-table@0.2.0:
    resolution: {integrity: sha512-N+8UisAXDGk8PFXP4HAzVR9nbfmVJ3zYLAWiTIoqC5v5isinhr+r5uaO8+7r3BMfuNIufIsA7RdpVgacC2cSpw==}
    dev: true
@ -4249,6 +4385,12 @@ packages:
  /util-deprecate@1.0.2:
    resolution: {integrity: sha512-EPD5q1uXyFxJpCrLnCc1nHnq3gOa6DZBocAIiI2TaSCA7VCJ1UJDMagCzIkXNsUYfD1daK//LTEQ8xiIbrHtcw==}

  /utrie@1.0.2:
    resolution: {integrity: sha512-1MLa5ouZiOmQzUbjbu9VmjLzn1QLXBhwpUa7kdLUQK+KQ5KA9I1vk5U4YHe/X2Ch7PYnJfWuWT+VbuxbGwljhw==}
    dependencies:
      base64-arraybuffer: 1.0.2
    dev: false

  /uuid@8.3.2:
    resolution: {integrity: sha512-+NYs2QeMWy+GWFOEm9xnn6HCDp0l7QBD7ml8zLUmJ+93Q5NF0NocErnwkTkXVFNiX3/fpC6afS8Dhb/gz7R7eg==}
    hasBin: true
